// !$*UTF8*$!
{
	archiveVersion = 1;
	classes = {
	};
	objectVersion = 56;
	objects = {

/* Begin PBXBuildFile section */
		9684A8DF28F53E170082B5E5 /* PlayVideoCleanArchitectureApp.swift in Sources */ = {isa = PBXBuildFile; fileRef = 9684A8DE28F53E170082B5E5 /* PlayVideoCleanArchitectureApp.swift */; };
		9684A8E128F53E170082B5E5 /* ContentView.swift in Sources */ = {isa = PBXBuildFile; fileRef = 9684A8E028F53E170082B5E5 /* ContentView.swift */; };
		9684A8E328F53E1A0082B5E5 /* Assets.xcassets in Resources */ = {isa = PBXBuildFile; fileRef = 9684A8E228F53E1A0082B5E5 /* Assets.xcassets */; };
		9684A8E628F53E1A0082B5E5 /* Preview Assets.xcassets in Resources */ = {isa = PBXBuildFile; fileRef = 9684A8E528F53E1A0082B5E5 /* Preview Assets.xcassets */; };
		9684A8FB28F5463C0082B5E5 /* HomeView.swift in Sources */ = {isa = PBXBuildFile; fileRef = 9684A8FA28F5463C0082B5E5 /* HomeView.swift */; };
		9684A90028F550760082B5E5 /* APIHandler.swift in Sources */ = {isa = PBXBuildFile; fileRef = 9684A8FF28F550760082B5E5 /* APIHandler.swift */; };
		9684A90228F550B10082B5E5 /* RequestHandler+Extension.swift in Sources */ = {isa = PBXBuildFile; fileRef = 9684A90128F550B10082B5E5 /* RequestHandler+Extension.swift */; };
		9684A90428F550D20082B5E5 /* ResponseHandler+Extension.swift in Sources */ = {isa = PBXBuildFile; fileRef = 9684A90328F550D20082B5E5 /* ResponseHandler+Extension.swift */; };
		9684A90628F550F50082B5E5 /* APILoader.swift in Sources */ = {isa = PBXBuildFile; fileRef = 9684A90528F550F50082B5E5 /* APILoader.swift */; };
		9684A90828F5511A0082B5E5 /* APIEnvironment.swift in Sources */ = {isa = PBXBuildFile; fileRef = 9684A90728F5511A0082B5E5 /* APIEnvironment.swift */; };
		9684A90A28F551430082B5E5 /* APIPath.swift in Sources */ = {isa = PBXBuildFile; fileRef = 9684A90928F551430082B5E5 /* APIPath.swift */; };
		9684A90C28F553210082B5E5 /* Constants.swift in Sources */ = {isa = PBXBuildFile; fileRef = 9684A90B28F553210082B5E5 /* Constants.swift */; };
		9684A90E28F553510082B5E5 /* Observable.swift in Sources */ = {isa = PBXBuildFile; fileRef = 9684A90D28F553510082B5E5 /* Observable.swift */; };
		9684A91428F557DC0082B5E5 /* Endpoint.swift in Sources */ = {isa = PBXBuildFile; fileRef = 9684A91328F557DC0082B5E5 /* Endpoint.swift */; };
		9684A91628F557FD0082B5E5 /* HTTPClient.swift in Sources */ = {isa = PBXBuildFile; fileRef = 9684A91528F557FD0082B5E5 /* HTTPClient.swift */; };
		9684A91828F558690082B5E5 /* HTTPMethod.swift in Sources */ = {isa = PBXBuildFile; fileRef = 9684A91728F558690082B5E5 /* HTTPMethod.swift */; };
		9684A91A28F558880082B5E5 /* RequestError.swift in Sources */ = {isa = PBXBuildFile; fileRef = 9684A91928F558880082B5E5 /* RequestError.swift */; };
		9684A91C28F558D70082B5E5 /* MoviesEndpoint.swift in Sources */ = {isa = PBXBuildFile; fileRef = 9684A91B28F558D70082B5E5 /* MoviesEndpoint.swift */; };
		9684A91F28F55D690082B5E5 /* ViewModel.swift in Sources */ = {isa = PBXBuildFile; fileRef = 9684A91E28F55D690082B5E5 /* ViewModel.swift */; };
		9684A92128F55D830082B5E5 /* ViewModelProtocol.swift in Sources */ = {isa = PBXBuildFile; fileRef = 9684A92028F55D830082B5E5 /* ViewModelProtocol.swift */; };
		9684A92428F55F900082B5E5 /* GalleryAPI.swift in Sources */ = {isa = PBXBuildFile; fileRef = 9684A92328F55F900082B5E5 /* GalleryAPI.swift */; };
		9684A92628F560010082B5E5 /* GalleryModel.swift in Sources */ = {isa = PBXBuildFile; fileRef = 9684A92528F560010082B5E5 /* GalleryModel.swift */; };
		96FB2A7028F66B2F00DE934C /* HomeViewModel.swift in Sources */ = {isa = PBXBuildFile; fileRef = 96FB2A6F28F66B2F00DE934C /* HomeViewModel.swift */; };
		96FB2A7428F6710700DE934C /* ResponseBody.swift in Sources */ = {isa = PBXBuildFile; fileRef = 96FB2A7328F6710700DE934C /* ResponseBody.swift */; };
		96FB2A7628F67B5F00DE934C /* Query.swift in Sources */ = {isa = PBXBuildFile; fileRef = 96FB2A7528F67B5F00DE934C /* Query.swift */; };
		96FB2A7828F67B7C00DE934C /* FetchState.swift in Sources */ = {isa = PBXBuildFile; fileRef = 96FB2A7728F67B7C00DE934C /* FetchState.swift */; };
		96FB2A7A28F67B9500DE934C /* APIError.swift in Sources */ = {isa = PBXBuildFile; fileRef = 96FB2A7928F67B9500DE934C /* APIError.swift */; };
/* End PBXBuildFile section */

/* Begin PBXFileReference section */
		9684A8DB28F53E170082B5E5 /* PlayVideoCleanArchitecture.app */ = {isa = PBXFileReference; explicitFileType = wrapper.application; includeInIndex = 0; path = PlayVideoCleanArchitecture.app; sourceTree = BUILT_PRODUCTS_DIR; };
		9684A8DE28F53E170082B5E5 /* PlayVideoCleanArchitectureApp.swift */ = {isa = PBXFileReference; lastKnownFileType = sourcecode.swift; path = PlayVideoCleanArchitectureApp.swift; sourceTree = "<group>"; };
		9684A8E028F53E170082B5E5 /* ContentView.swift */ = {isa = PBXFileReference; lastKnownFileType = sourcecode.swift; path = ContentView.swift; sourceTree = "<group>"; };
		9684A8E228F53E1A0082B5E5 /* Assets.xcassets */ = {isa = PBXFileReference; lastKnownFileType = folder.assetcatalog; path = Assets.xcassets; sourceTree = "<group>"; };
		9684A8E528F53E1A0082B5E5 /* Preview Assets.xcassets */ = {isa = PBXFileReference; lastKnownFileType = folder.assetcatalog; path = "Preview Assets.xcassets"; sourceTree = "<group>"; };
		9684A8FA28F5463C0082B5E5 /* HomeView.swift */ = {isa = PBXFileReference; lastKnownFileType = sourcecode.swift; path = HomeView.swift; sourceTree = "<group>"; };
		9684A8FF28F550760082B5E5 /* APIHandler.swift */ = {isa = PBXFileReference; lastKnownFileType = sourcecode.swift; path = APIHandler.swift; sourceTree = "<group>"; };
		9684A90128F550B10082B5E5 /* RequestHandler+Extension.swift */ = {isa = PBXFileReference; lastKnownFileType = sourcecode.swift; path = "RequestHandler+Extension.swift"; sourceTree = "<group>"; };
		9684A90328F550D20082B5E5 /* ResponseHandler+Extension.swift */ = {isa = PBXFileReference; lastKnownFileType = sourcecode.swift; path = "ResponseHandler+Extension.swift"; sourceTree = "<group>"; };
		9684A90528F550F50082B5E5 /* APILoader.swift */ = {isa = PBXFileReference; lastKnownFileType = sourcecode.swift; path = APILoader.swift; sourceTree = "<group>"; };
		9684A90728F5511A0082B5E5 /* APIEnvironment.swift */ = {isa = PBXFileReference; lastKnownFileType = sourcecode.swift; path = APIEnvironment.swift; sourceTree = "<group>"; };
		9684A90928F551430082B5E5 /* APIPath.swift */ = {isa = PBXFileReference; lastKnownFileType = sourcecode.swift; path = APIPath.swift; sourceTree = "<group>"; };
		9684A90B28F553210082B5E5 /* Constants.swift */ = {isa = PBXFileReference; lastKnownFileType = sourcecode.swift; path = Constants.swift; sourceTree = "<group>"; };
		9684A90D28F553510082B5E5 /* Observable.swift */ = {isa = PBXFileReference; lastKnownFileType = sourcecode.swift; path = Observable.swift; sourceTree = "<group>"; };
		9684A91328F557DC0082B5E5 /* Endpoint.swift */ = {isa = PBXFileReference; lastKnownFileType = sourcecode.swift; path = Endpoint.swift; sourceTree = "<group>"; };
		9684A91528F557FD0082B5E5 /* HTTPClient.swift */ = {isa = PBXFileReference; lastKnownFileType = sourcecode.swift; path = HTTPClient.swift; sourceTree = "<group>"; };
		9684A91728F558690082B5E5 /* HTTPMethod.swift */ = {isa = PBXFileReference; lastKnownFileType = sourcecode.swift; path = HTTPMethod.swift; sourceTree = "<group>"; };
		9684A91928F558880082B5E5 /* RequestError.swift */ = {isa = PBXFileReference; lastKnownFileType = sourcecode.swift; path = RequestError.swift; sourceTree = "<group>"; };
		9684A91B28F558D70082B5E5 /* MoviesEndpoint.swift */ = {isa = PBXFileReference; lastKnownFileType = sourcecode.swift; path = MoviesEndpoint.swift; sourceTree = "<group>"; };
		9684A91E28F55D690082B5E5 /* ViewModel.swift */ = {isa = PBXFileReference; lastKnownFileType = sourcecode.swift; path = ViewModel.swift; sourceTree = "<group>"; };
		9684A92028F55D830082B5E5 /* ViewModelProtocol.swift */ = {isa = PBXFileReference; lastKnownFileType = sourcecode.swift; path = ViewModelProtocol.swift; sourceTree = "<group>"; };
		9684A92328F55F900082B5E5 /* GalleryAPI.swift */ = {isa = PBXFileReference; lastKnownFileType = sourcecode.swift; path = GalleryAPI.swift; sourceTree = "<group>"; };
		9684A92528F560010082B5E5 /* GalleryModel.swift */ = {isa = PBXFileReference; lastKnownFileType = sourcecode.swift; path = GalleryModel.swift; sourceTree = "<group>"; };
		96FB2A6F28F66B2F00DE934C /* HomeViewModel.swift */ = {isa = PBXFileReference; lastKnownFileType = sourcecode.swift; path = HomeViewModel.swift; sourceTree = "<group>"; };
		96FB2A7328F6710700DE934C /* ResponseBody.swift */ = {isa = PBXFileReference; lastKnownFileType = sourcecode.swift; path = ResponseBody.swift; sourceTree = "<group>"; };
		96FB2A7528F67B5F00DE934C /* Query.swift */ = {isa = PBXFileReference; lastKnownFileType = sourcecode.swift; path = Query.swift; sourceTree = "<group>"; };
		96FB2A7728F67B7C00DE934C /* FetchState.swift */ = {isa = PBXFileReference; lastKnownFileType = sourcecode.swift; path = FetchState.swift; sourceTree = "<group>"; };
		96FB2A7928F67B9500DE934C /* APIError.swift */ = {isa = PBXFileReference; lastKnownFileType = sourcecode.swift; path = APIError.swift; sourceTree = "<group>"; };
/* End PBXFileReference section */

/* Begin PBXFrameworksBuildPhase section */
		9684A8D828F53E170082B5E5 /* Frameworks */ = {
			isa = PBXFrameworksBuildPhase;
			buildActionMask = 2147483647;
			files = (
			);
			runOnlyForDeploymentPostprocessing = 0;
		};
/* End PBXFrameworksBuildPhase section */

/* Begin PBXGroup section */
		9684A8D228F53E170082B5E5 = {
			isa = PBXGroup;
			children = (
				9684A8DD28F53E170082B5E5 /* PlayVideoCleanArchitecture */,
				9684A8DC28F53E170082B5E5 /* Products */,
			);
			sourceTree = "<group>";
		};
		9684A8DC28F53E170082B5E5 /* Products */ = {
			isa = PBXGroup;
			children = (
				9684A8DB28F53E170082B5E5 /* PlayVideoCleanArchitecture.app */,
			);
			name = Products;
			sourceTree = "<group>";
		};
		9684A8DD28F53E170082B5E5 /* PlayVideoCleanArchitecture */ = {
			isa = PBXGroup;
			children = (
				9684A92228F55F520082B5E5 /* Services */,
				9684A90F28F5574B0082B5E5 /* Network */,
				9684A8EC28F540880082B5E5 /* Common */,
				9684A8ED28F540970082B5E5 /* Application */,
				9684A8EE28F540A70082B5E5 /* Presentation */,
				9684A8EF28F540B60082B5E5 /* Domain */,
				9684A8F028F540BF0082B5E5 /* Data */,
				9684A8F128F540C60082B5E5 /* Resource */,
				9684A8F228F540D70082B5E5 /* Utils */,
				9684A8F328F540E60082B5E5 /* Infrastructure */,
				9684A8FE28F550550082B5E5 /* Networking */,
				9684A8E228F53E1A0082B5E5 /* Assets.xcassets */,
				9684A8E428F53E1A0082B5E5 /* Preview Content */,
			);
			path = PlayVideoCleanArchitecture;
			sourceTree = "<group>";
		};
		9684A8E428F53E1A0082B5E5 /* Preview Content */ = {
			isa = PBXGroup;
			children = (
				9684A8E528F53E1A0082B5E5 /* Preview Assets.xcassets */,
			);
			path = "Preview Content";
			sourceTree = "<group>";
		};
		9684A8EC28F540880082B5E5 /* Common */ = {
			isa = PBXGroup;
			children = (
			);
			path = Common;
			sourceTree = "<group>";
		};
		9684A8ED28F540970082B5E5 /* Application */ = {
			isa = PBXGroup;
			children = (
				9684A8DE28F53E170082B5E5 /* PlayVideoCleanArchitectureApp.swift */,
				9684A8E028F53E170082B5E5 /* ContentView.swift */,
			);
			path = Application;
			sourceTree = "<group>";
		};
		9684A8EE28F540A70082B5E5 /* Presentation */ = {
			isa = PBXGroup;
			children = (
				9684A91D28F55D4F0082B5E5 /* ViewModels */,
				9684A8F928F5459C0082B5E5 /* Home */,
			);
			path = Presentation;
			sourceTree = "<group>";
		};
		9684A8EF28F540B60082B5E5 /* Domain */ = {
			isa = PBXGroup;
			children = (
				9684A8F628F541E00082B5E5 /* Entities */,
				9684A8F528F541D60082B5E5 /* UseCase */,
				9684A8F428F541C00082B5E5 /* Repositories */,
			);
			path = Domain;
			sourceTree = "<group>";
		};
		9684A8F028F540BF0082B5E5 /* Data */ = {
			isa = PBXGroup;
			children = (
				9684A8F828F542750082B5E5 /* Repositories */,
				9684A8F728F541F40082B5E5 /* Models */,
			);
			path = Data;
			sourceTree = "<group>";
		};
		9684A8F128F540C60082B5E5 /* Resource */ = {
			isa = PBXGroup;
			children = (
				9684A90B28F553210082B5E5 /* Constants.swift */,
				9684A90D28F553510082B5E5 /* Observable.swift */,
				96FB2A7528F67B5F00DE934C /* Query.swift */,
				96FB2A7728F67B7C00DE934C /* FetchState.swift */,
				96FB2A7928F67B9500DE934C /* APIError.swift */,
			);
			path = Resource;
			sourceTree = "<group>";
		};
		9684A8F228F540D70082B5E5 /* Utils */ = {
			isa = PBXGroup;
			children = (
			);
			path = Utils;
			sourceTree = "<group>";
		};
		9684A8F328F540E60082B5E5 /* Infrastructure */ = {
			isa = PBXGroup;
			children = (
			);
			path = Infrastructure;
			sourceTree = "<group>";
		};
		9684A8F428F541C00082B5E5 /* Repositories */ = {
			isa = PBXGroup;
			children = (
			);
			path = Repositories;
			sourceTree = "<group>";
		};
		9684A8F528F541D60082B5E5 /* UseCase */ = {
			isa = PBXGroup;
			children = (
			);
			path = UseCase;
			sourceTree = "<group>";
		};
		9684A8F628F541E00082B5E5 /* Entities */ = {
			isa = PBXGroup;
			children = (
			);
			path = Entities;
			sourceTree = "<group>";
		};
		9684A8F728F541F40082B5E5 /* Models */ = {
			isa = PBXGroup;
			children = (
				96FB2A7328F6710700DE934C /* ResponseBody.swift */,
			);
			path = Models;
			sourceTree = "<group>";
		};
		9684A8F828F542750082B5E5 /* Repositories */ = {
			isa = PBXGroup;
			children = (
			);
			path = Repositories;
			sourceTree = "<group>";
		};
		9684A8F928F5459C0082B5E5 /* Home */ = {
			isa = PBXGroup;
			children = (
				9684A8FA28F5463C0082B5E5 /* HomeView.swift */,
				96FB2A6F28F66B2F00DE934C /* HomeViewModel.swift */,
			);
			path = Home;
			sourceTree = "<group>";
		};
		9684A8FE28F550550082B5E5 /* Networking */ = {
			isa = PBXGroup;
			children = (
				9684A8FF28F550760082B5E5 /* APIHandler.swift */,
				9684A90128F550B10082B5E5 /* RequestHandler+Extension.swift */,
				9684A90328F550D20082B5E5 /* ResponseHandler+Extension.swift */,
				9684A90528F550F50082B5E5 /* APILoader.swift */,
				9684A90728F5511A0082B5E5 /* APIEnvironment.swift */,
				9684A90928F551430082B5E5 /* APIPath.swift */,
			);
			path = Networking;
			sourceTree = "<group>";
		};
		9684A90F28F5574B0082B5E5 /* Network */ = {
			isa = PBXGroup;
			children = (
				9684A91228F557800082B5E5 /* Services */,
				9684A91128F5576B0082B5E5 /* Endpoints */,
				9684A91028F557560082B5E5 /* Base */,
			);
			path = Network;
			sourceTree = "<group>";
		};
		9684A91028F557560082B5E5 /* Base */ = {
			isa = PBXGroup;
			children = (
				9684A91328F557DC0082B5E5 /* Endpoint.swift */,
				9684A91528F557FD0082B5E5 /* HTTPClient.swift */,
				9684A91728F558690082B5E5 /* HTTPMethod.swift */,
				9684A91928F558880082B5E5 /* RequestError.swift */,
			);
			path = Base;
			sourceTree = "<group>";
		};
		9684A91128F5576B0082B5E5 /* Endpoints */ = {
			isa = PBXGroup;
			children = (
				9684A91B28F558D70082B5E5 /* MoviesEndpoint.swift */,
			);
			path = Endpoints;
			sourceTree = "<group>";
		};
		9684A91228F557800082B5E5 /* Services */ = {
			isa = PBXGroup;
			children = (
			);
			path = Services;
			sourceTree = "<group>";
		};
		9684A91D28F55D4F0082B5E5 /* ViewModels */ = {
			isa = PBXGroup;
			children = (
				9684A91E28F55D690082B5E5 /* ViewModel.swift */,
				9684A92028F55D830082B5E5 /* ViewModelProtocol.swift */,
			);
			path = ViewModels;
			sourceTree = "<group>";
		};
		9684A92228F55F520082B5E5 /* Services */ = {
			isa = PBXGroup;
			children = (
				9684A92328F55F900082B5E5 /* GalleryAPI.swift */,
				9684A92528F560010082B5E5 /* GalleryModel.swift */,
			);
			path = Services;
			sourceTree = "<group>";
		};
/* End PBXGroup section */

/* Begin PBXNativeTarget section */
		9684A8DA28F53E170082B5E5 /* PlayVideoCleanArchitecture */ = {
			isa = PBXNativeTarget;
			buildConfigurationList = 9684A8E928F53E1A0082B5E5 /* Build configuration list for PBXNativeTarget "PlayVideoCleanArchitecture" */;
			buildPhases = (
				9684A8D728F53E170082B5E5 /* Sources */,
				9684A8D828F53E170082B5E5 /* Frameworks */,
				9684A8D928F53E170082B5E5 /* Resources */,
			);
			buildRules = (
			);
			dependencies = (
			);
			name = PlayVideoCleanArchitecture;
			productName = PlayVideoCleanArchitecture;
			productReference = 9684A8DB28F53E170082B5E5 /* PlayVideoCleanArchitecture.app */;
			productType = "com.apple.product-type.application";
		};
/* End PBXNativeTarget section */

/* Begin PBXProject section */
		9684A8D328F53E170082B5E5 /* Project object */ = {
			isa = PBXProject;
			attributes = {
				BuildIndependentTargetsInParallel = 1;
				LastSwiftUpdateCheck = 1400;
				LastUpgradeCheck = 1400;
				TargetAttributes = {
					9684A8DA28F53E170082B5E5 = {
						CreatedOnToolsVersion = 14.0;
					};
				};
			};
			buildConfigurationList = 9684A8D628F53E170082B5E5 /* Build configuration list for PBXProject "PlayVideoCleanArchitecture" */;
			compatibilityVersion = "Xcode 14.0";
			developmentRegion = en;
			hasScannedForEncodings = 0;
			knownRegions = (
				en,
				Base,
			);
			mainGroup = 9684A8D228F53E170082B5E5;
			productRefGroup = 9684A8DC28F53E170082B5E5 /* Products */;
			projectDirPath = "";
			projectRoot = "";
			targets = (
				9684A8DA28F53E170082B5E5 /* PlayVideoCleanArchitecture */,
			);
		};
/* End PBXProject section */

/* Begin PBXResourcesBuildPhase section */
		9684A8D928F53E170082B5E5 /* Resources */ = {
			isa = PBXResourcesBuildPhase;
			buildActionMask = 2147483647;
			files = (
				9684A8E628F53E1A0082B5E5 /* Preview Assets.xcassets in Resources */,
				9684A8E328F53E1A0082B5E5 /* Assets.xcassets in Resources */,
			);
			runOnlyForDeploymentPostprocessing = 0;
		};
/* End PBXResourcesBuildPhase section */

/* Begin PBXSourcesBuildPhase section */
		9684A8D728F53E170082B5E5 /* Sources */ = {
			isa = PBXSourcesBuildPhase;
			buildActionMask = 2147483647;
			files = (
				9684A90E28F553510082B5E5 /* Observable.swift in Sources */,
				9684A8FB28F5463C0082B5E5 /* HomeView.swift in Sources */,
				9684A91828F558690082B5E5 /* HTTPMethod.swift in Sources */,
				9684A91C28F558D70082B5E5 /* MoviesEndpoint.swift in Sources */,
				9684A91628F557FD0082B5E5 /* HTTPClient.swift in Sources */,
				9684A90228F550B10082B5E5 /* RequestHandler+Extension.swift in Sources */,
				9684A91F28F55D690082B5E5 /* ViewModel.swift in Sources */,
				9684A90628F550F50082B5E5 /* APILoader.swift in Sources */,
				9684A92128F55D830082B5E5 /* ViewModelProtocol.swift in Sources */,
				9684A8E128F53E170082B5E5 /* ContentView.swift in Sources */,
				96FB2A7428F6710700DE934C /* ResponseBody.swift in Sources */,
				9684A90A28F551430082B5E5 /* APIPath.swift in Sources */,
				9684A90C28F553210082B5E5 /* Constants.swift in Sources */,
				9684A90428F550D20082B5E5 /* ResponseHandler+Extension.swift in Sources */,
				96FB2A7828F67B7C00DE934C /* FetchState.swift in Sources */,
				9684A8DF28F53E170082B5E5 /* PlayVideoCleanArchitectureApp.swift in Sources */,
				9684A92628F560010082B5E5 /* GalleryModel.swift in Sources */,
				96FB2A7628F67B5F00DE934C /* Query.swift in Sources */,
				9684A91A28F558880082B5E5 /* RequestError.swift in Sources */,
				96FB2A7028F66B2F00DE934C /* HomeViewModel.swift in Sources */,
				9684A92428F55F900082B5E5 /* GalleryAPI.swift in Sources */,
				9684A90828F5511A0082B5E5 /* APIEnvironment.swift in Sources */,
				9684A91428F557DC0082B5E5 /* Endpoint.swift in Sources */,
				96FB2A7A28F67B9500DE934C /* APIError.swift in Sources */,
				9684A90028F550760082B5E5 /* APIHandler.swift in Sources */,
			);
			runOnlyForDeploymentPostprocessing = 0;
		};
/* End PBXSourcesBuildPhase section */

/* Begin XCBuildConfiguration section */
		9684A8E728F53E1A0082B5E5 /* Debug */ = {
			isa = XCBuildConfiguration;
			buildSettings = {
				ALWAYS_SEARCH_USER_PATHS = NO;
				CLANG_ANALYZER_NONNULL = YES;
				CLANG_ANALYZER_NUMBER_OBJECT_CONVERSION = YES_AGGRESSIVE;
				CLANG_CXX_LANGUAGE_STANDARD = "gnu++20";
				CLANG_ENABLE_MODULES = YES;
				CLANG_ENABLE_OBJC_ARC = YES;
				CLANG_ENABLE_OBJC_WEAK = YES;
				CLANG_WARN_BLOCK_CAPTURE_AUTORELEASING = YES;
				CLANG_WARN_BOOL_CONVERSION = YES;
				CLANG_WARN_COMMA = YES;
				CLANG_WARN_CONSTANT_CONVERSION = YES;
				CLANG_WARN_DEPRECATED_OBJC_IMPLEMENTATIONS = YES;
				CLANG_WARN_DIRECT_OBJC_ISA_USAGE = YES_ERROR;
				CLANG_WARN_DOCUMENTATION_COMMENTS = YES;
				CLANG_WARN_EMPTY_BODY = YES;
				CLANG_WARN_ENUM_CONVERSION = YES;
				CLANG_WARN_INFINITE_RECURSION = YES;
				CLANG_WARN_INT_CONVERSION = YES;
				CLANG_WARN_NON_LITERAL_NULL_CONVERSION = YES;
				CLANG_WARN_OBJC_IMPLICIT_RETAIN_SELF = YES;
				CLANG_WARN_OBJC_LITERAL_CONVERSION = YES;
				CLANG_WARN_OBJC_ROOT_CLASS = YES_ERROR;
				CLANG_WARN_QUOTED_INCLUDE_IN_FRAMEWORK_HEADER = YES;
				CLANG_WARN_RANGE_LOOP_ANALYSIS = YES;
				CLANG_WARN_STRICT_PROTOTYPES = YES;
				CLANG_WARN_SUSPICIOUS_MOVE = YES;
				CLANG_WARN_UNGUARDED_AVAILABILITY = YES_AGGRESSIVE;
				CLANG_WARN_UNREACHABLE_CODE = YES;
				CLANG_WARN__DUPLICATE_METHOD_MATCH = YES;
				COPY_PHASE_STRIP = NO;
				DEBUG_INFORMATION_FORMAT = dwarf;
				ENABLE_STRICT_OBJC_MSGSEND = YES;
				ENABLE_TESTABILITY = YES;
				GCC_C_LANGUAGE_STANDARD = gnu11;
				GCC_DYNAMIC_NO_PIC = NO;
				GCC_NO_COMMON_BLOCKS = YES;
				GCC_OPTIMIZATION_LEVEL = 0;
				GCC_PREPROCESSOR_DEFINITIONS = (
					"DEBUG=1",
					"$(inherited)",
				);
				GCC_WARN_64_TO_32_BIT_CONVERSION = YES;
				GCC_WARN_ABOUT_RETURN_TYPE = YES_ERROR;
				GCC_WARN_UNDECLARED_SELECTOR = YES;
				GCC_WARN_UNINITIALIZED_AUTOS = YES_AGGRESSIVE;
				GCC_WARN_UNUSED_FUNCTION = YES;
				GCC_WARN_UNUSED_VARIABLE = YES;
				IPHONEOS_DEPLOYMENT_TARGET = 16.0;
				MTL_ENABLE_DEBUG_INFO = INCLUDE_SOURCE;
				MTL_FAST_MATH = YES;
				ONLY_ACTIVE_ARCH = YES;
				SDKROOT = iphoneos;
				SWIFT_ACTIVE_COMPILATION_CONDITIONS = DEBUG;
				SWIFT_OPTIMIZATION_LEVEL = "-Onone";
			};
			name = Debug;
		};
		9684A8E828F53E1A0082B5E5 /* Release */ = {
			isa = XCBuildConfiguration;
			buildSettings = {
				ALWAYS_SEARCH_USER_PATHS = NO;
				CLANG_ANALYZER_NONNULL = YES;
				CLANG_ANALYZER_NUMBER_OBJECT_CONVERSION = YES_AGGRESSIVE;
				CLANG_CXX_LANGUAGE_STANDARD = "gnu++20";
				CLANG_ENABLE_MODULES = YES;
				CLANG_ENABLE_OBJC_ARC = YES;
				CLANG_ENABLE_OBJC_WEAK = YES;
				CLANG_WARN_BLOCK_CAPTURE_AUTORELEASING = YES;
				CLANG_WARN_BOOL_CONVERSION = YES;
				CLANG_WARN_COMMA = YES;
				CLANG_WARN_CONSTANT_CONVERSION = YES;
				CLANG_WARN_DEPRECATED_OBJC_IMPLEMENTATIONS = YES;
				CLANG_WARN_DIRECT_OBJC_ISA_USAGE = YES_ERROR;
				CLANG_WARN_DOCUMENTATION_COMMENTS = YES;
				CLANG_WARN_EMPTY_BODY = YES;
				CLANG_WARN_ENUM_CONVERSION = YES;
				CLANG_WARN_INFINITE_RECURSION = YES;
				CLANG_WARN_INT_CONVERSION = YES;
				CLANG_WARN_NON_LITERAL_NULL_CONVERSION = YES;
				CLANG_WARN_OBJC_IMPLICIT_RETAIN_SELF = YES;
				CLANG_WARN_OBJC_LITERAL_CONVERSION = YES;
				CLANG_WARN_OBJC_ROOT_CLASS = YES_ERROR;
				CLANG_WARN_QUOTED_INCLUDE_IN_FRAMEWORK_HEADER = YES;
				CLANG_WARN_RANGE_LOOP_ANALYSIS = YES;
				CLANG_WARN_STRICT_PROTOTYPES = YES;
				CLANG_WARN_SUSPICIOUS_MOVE = YES;
				CLANG_WARN_UNGUARDED_AVAILABILITY = YES_AGGRESSIVE;
				CLANG_WARN_UNREACHABLE_CODE = YES;
				CLANG_WARN__DUPLICATE_METHOD_MATCH = YES;
				COPY_PHASE_STRIP = NO;
				DEBUG_INFORMATION_FORMAT = "dwarf-with-dsym";
				ENABLE_NS_ASSERTIONS = NO;
				ENABLE_STRICT_OBJC_MSGSEND = YES;
				GCC_C_LANGUAGE_STANDARD = gnu11;
				GCC_NO_COMMON_BLOCKS = YES;
				GCC_WARN_64_TO_32_BIT_CONVERSION = YES;
				GCC_WARN_ABOUT_RETURN_TYPE = YES_ERROR;
				GCC_WARN_UNDECLARED_SELECTOR = YES;
				GCC_WARN_UNINITIALIZED_AUTOS = YES_AGGRESSIVE;
				GCC_WARN_UNUSED_FUNCTION = YES;
				GCC_WARN_UNUSED_VARIABLE = YES;
				IPHONEOS_DEPLOYMENT_TARGET = 16.0;
				MTL_ENABLE_DEBUG_INFO = NO;
				MTL_FAST_MATH = YES;
				SDKROOT = iphoneos;
				SWIFT_COMPILATION_MODE = wholemodule;
				SWIFT_OPTIMIZATION_LEVEL = "-O";
				VALIDATE_PRODUCT = YES;
			};
			name = Release;
		};
		9684A8EA28F53E1A0082B5E5 /* Debug */ = {
			isa = XCBuildConfiguration;
			buildSettings = {
				ASSETCATALOG_COMPILER_APPICON_NAME = AppIcon;
				ASSETCATALOG_COMPILER_GLOBAL_ACCENT_COLOR_NAME = AccentColor;
				CODE_SIGN_STYLE = Automatic;
				CURRENT_PROJECT_VERSION = 1;
				DEVELOPMENT_ASSET_PATHS = "\"PlayVideoCleanArchitecture/Preview Content\"";
				DEVELOPMENT_TEAM = 57DGHBAGP5;
				ENABLE_PREVIEWS = YES;
				GENERATE_INFOPLIST_FILE = YES;
				INFOPLIST_KEY_UIApplicationSceneManifest_Generation = YES;
				INFOPLIST_KEY_UIApplicationSupportsIndirectInputEvents = YES;
				INFOPLIST_KEY_UILaunchScreen_Generation = YES;
				INFOPLIST_KEY_UISupportedInterfaceOrientations_iPad = "UIInterfaceOrientationPortrait UIInterfaceOrientationPortraitUpsideDown UIInterfaceOrientationLandscapeLeft UIInterfaceOrientationLandscapeRight";
				INFOPLIST_KEY_UISupportedInterfaceOrientations_iPhone = "UIInterfaceOrientationPortrait UIInterfaceOrientationLandscapeLeft UIInterfaceOrientationLandscapeRight";
				LD_RUNPATH_SEARCH_PATHS = (
					"$(inherited)",
					"@executable_path/Frameworks",
				);
				MARKETING_VERSION = 1.0;
				PRODUCT_BUNDLE_IDENTIFIER = com.hikesiya.demo.PlayVideoCleanArchitecture;
				PRODUCT_NAME = "$(TARGET_NAME)";
				SWIFT_EMIT_LOC_STRINGS = YES;
				SWIFT_VERSION = 5.0;
				TARGETED_DEVICE_FAMILY = "1,2";
			};
			name = Debug;
		};
		9684A8EB28F53E1A0082B5E5 /* Release */ = {
			isa = XCBuildConfiguration;
			buildSettings = {
				ASSETCATALOG_COMPILER_APPICON_NAME = AppIcon;
				ASSETCATALOG_COMPILER_GLOBAL_ACCENT_COLOR_NAME = AccentColor;
				CODE_SIGN_STYLE = Automatic;
				CURRENT_PROJECT_VERSION = 1;
				DEVELOPMENT_ASSET_PATHS = "\"PlayVideoCleanArchitecture/Preview Content\"";
				DEVELOPMENT_TEAM = 57DGHBAGP5;
				ENABLE_PREVIEWS = YES;
				GENERATE_INFOPLIST_FILE = YES;
				INFOPLIST_KEY_UIApplicationSceneManifest_Generation = YES;
				INFOPLIST_KEY_UIApplicationSupportsIndirectInputEvents = YES;
				INFOPLIST_KEY_UILaunchScreen_Generation = YES;
				INFOPLIST_KEY_UISupportedInterfaceOrientations_iPad = "UIInterfaceOrientationPortrait UIInterfaceOrientationPortraitUpsideDown UIInterfaceOrientationLandscapeLeft UIInterfaceOrientationLandscapeRight";
				INFOPLIST_KEY_UISupportedInterfaceOrientations_iPhone = "UIInterfaceOrientationPortrait UIInterfaceOrientationLandscapeLeft UIInterfaceOrientationLandscapeRight";
				LD_RUNPATH_SEARCH_PATHS = (
					"$(inherited)",
					"@executable_path/Frameworks",
				);
				MARKETING_VERSION = 1.0;
				PRODUCT_BUNDLE_IDENTIFIER = com.hikesiya.demo.PlayVideoCleanArchitecture;
				PRODUCT_NAME = "$(TARGET_NAME)";
				SWIFT_EMIT_LOC_STRINGS = YES;
				SWIFT_VERSION = 5.0;
				TARGETED_DEVICE_FAMILY = "1,2";
			};
			name = Release;
		};
/* End XCBuildConfiguration section */

/* Begin XCConfigurationList section */
		9684A8D628F53E170082B5E5 /* Build configuration list for PBXProject "PlayVideoCleanArchitecture" */ = {
			isa = XCConfigurationList;
			buildConfigurations = (
				9684A8E728F53E1A0082B5E5 /* Debug */,
				9684A8E828F53E1A0082B5E5 /* Release */,
			);
			defaultConfigurationIsVisible = 0;
			defaultConfigurationName = Release;
		};
		9684A8E928F53E1A0082B5E5 /* Build configuration list for PBXNativeTarget "PlayVideoCleanArchitecture" */ = {
			isa = XCConfigurationList;
			buildConfigurations = (
				9684A8EA28F53E1A0082B5E5 /* Debug */,
				9684A8EB28F53E1A0082B5E5 /* Release */,
			);
			defaultConfigurationIsVisible = 0;
			defaultConfigurationName = Release;
		};
/* End XCConfigurationList section */
	};
	rootObject = 9684A8D328F53E170082B5E5 /* Project object */;
}
